
Microsoft Visual Studio Solution File, Format Version 12.00
# Visual Studio 2013
VisualStudioVersion = 12.0.31101.0
MinimumVisualStudioVersion = 10.0.40219.1
Project("{FAE04EC0-301F-11D3-BF4B-00C04F79EFBC}") = "AdoOefeningen", "AdoOefeningen\AdoOefeningen.csproj", "{0EC43D15-2364-4519-B4CE-18CE550D0050}"
EndProject
Project("{FAE04EC0-301F-11D3-BF4B-00C04F79EFBC}") = "AdoGemeenschap", "AdoGemeenschap\AdoGemeenschap.csproj", "{77752FF4-4E03-4DE1-BC94-46F7CD9BA16B}"
EndProject
Project("{FAE04EC0-301F-11D3-BF4B-00C04F79EFBC}") = "WPFOpgave3", "WPFOpgave3\WPFOpgave3.csproj", "{0258A6B3-685D-48F5-A4BB-070A1761C975}"
EndProject
Project("{FAE04EC0-301F-11D3-BF4B-00C04F79EFBC}") = "WPFOpgave4", "WPFOpgave4\WPFOpgave4.csproj", "{5669B96E-79AD-4442-95B5-8964606F5372}"
EndProject
Project("{FAE04EC0-301F-11D3-BF4B-00C04F79EFBC}") = "WPFOpgave5", "WPFOpgave5\WPFOpgave5.csproj", "{9B3A871A-A828-411F-8F09-805990311762}"
EndProject
Project("{FAE04EC0-301F-11D3-BF4B-00C04F79EFBC}") = "WPFOpgave6", "WPFOpgave6\WPFOpgave6.csproj", "{978D2DB7-C345-4F19-8F0E-44285298CB0D}"
EndProject
Project("{FAE04EC0-301F-11D3-BF4B-00C04F79EFBC}") = "WPFOpgave8", "WPFOpgave8\WPFOpgave8.csproj", "{EEBAE4FD-4F0A-4E91-96A2-857904A7C40B}"
EndProject
Project("{FAE04EC0-301F-11D3-BF4B-00C04F79EFBC}") = "WPFOpgave10", "WPFOpgave10\WPFOpgave10.csproj", "{B324591C-CB13-438F-ADFE-B2D21DCA8EEB}"
EndProject
Project("{FAE04EC0-301F-11D3-BF4B-00C04F79EFBC}") = "WPFOpgave11", "WPFOpgave11\WPFOpgave11.csproj", "{FC3B3272-B5D5-4E4D-ABBB-73C3B7C76251}"
EndProject
Global
	GlobalSection(SolutionConfigurationPlatforms) = preSolution
		Debug|Any CPU = Debug|Any CPU
		Release|Any CPU = Release|Any CPU
	EndGlobalSection
	GlobalSection(ProjectConfigurationPlatforms) = postSolution
		{0EC43D15-2364-4519-B4CE-18CE550D0050}.Debug|Any CPU.ActiveCfg = Debug|Any CPU
		{0EC43D15-2364-4519-B4CE-18CE550D0050}.Debug|Any CPU.Build.0 = Debug|Any CPU
		{0EC43D15-2364-4519-B4CE-18CE550D0050}.Release|Any CPU.ActiveCfg = Release|Any CPU
		{0EC43D15-2364-4519-B4CE-18CE550D0050}.Release|Any CPU.Build.0 = Release|Any CPU
		{77752FF4-4E03-4DE1-BC94-46F7CD9BA16B}.Debug|Any CPU.ActiveCfg = Debug|Any CPU
		{77752FF4-4E03-4DE1-BC94-46F7CD9BA16B}.Debug|Any CPU.Build.0 = Debug|Any CPU
		{77752FF4-4E03-4DE1-BC94-46F7CD9BA16B}.Release|Any CPU.ActiveCfg = Release|Any CPU
		{77752FF4-4E03-4DE1-BC94-46F7CD9BA16B}.Release|Any CPU.Build.0 = Release|Any CPU
		{0258A6B3-685D-48F5-A4BB-070A1761C975}.Debug|Any CPU.ActiveCfg = Debug|Any CPU
		{0258A6B3-685D-48F5-A4BB-070A1761C975}.Debug|Any CPU.Build.0 = Debug|Any CPU
		{0258A6B3-685D-48F5-A4BB-070A1761C975}.Release|Any CPU.ActiveCfg = Release|Any CPU
		{0258A6B3-685D-48F5-A4BB-070A1761C975}.Release|Any CPU.Build.0 = Release|Any CPU
		{5669B96E-79AD-4442-95B5-8964606F5372}.Debug|Any CPU.ActiveCfg = Debug|Any CPU
		{5669B96E-79AD-4442-95B5-8964606F5372}.Debug|Any CPU.Build.0 = Debug|Any CPU
		{5669B96E-79AD-4442-95B5-8964606F5372}.Release|Any CPU.ActiveCfg = Release|Any CPU
		{5669B96E-79AD-4442-95B5-8964606F5372}.Release|Any CPU.Build.0 = Release|Any CPU
		{9B3A871A-A828-411F-8F09-805990311762}.Debug|Any CPU.ActiveCfg = Debug|Any CPU
		{9B3A871A-A828-411F-8F09-805990311762}.Debug|Any CPU.Build.0 = Debug|Any CPU
		{9B3A871A-A828-411F-8F09-805990311762}.Release|Any CPU.ActiveCfg = Release|Any CPU
		{9B3A871A-A828-411F-8F09-805990311762}.Release|Any CPU.Build.0 = Release|Any CPU
		{978D2DB7-C345-4F19-8F0E-44285298CB0D}.Debug|Any CPU.ActiveCfg = Debug|Any CPU
		{978D2DB7-C345-4F19-8F0E-44285298CB0D}.Debug|Any CPU.Build.0 = Debug|Any CPU
		{978D2DB7-C345-4F19-8F0E-44285298CB0D}.Release|Any CPU.ActiveCfg = Release|Any CPU
		{978D2DB7-C345-4F19-8F0E-44285298CB0D}.Release|Any CPU.Build.0 = Release|Any CPU
		{EEBAE4FD-4F0A-4E91-96A2-857904A7C40B}.Debug|Any CPU.ActiveCfg = Debug|Any CPU
		{EEBAE4FD-4F0A-4E91-96A2-857904A7C40B}.Debug|Any CPU.Build.0 = Debug|Any CPU
		{EEBAE4FD-4F0A-4E91-96A2-857904A7C40B}.Release|Any CPU.ActiveCfg = Release|Any CPU
		{EEBAE4FD-4F0A-4E91-96A2-857904A7C40B}.Release|Any CPU.Build.0 = Release|Any CPU
		{B324591C-CB13-438F-ADFE-B2D21DCA8EEB}.Debug|Any CPU.ActiveCfg = Debug|Any CPU
		{B324591C-CB13-438F-ADFE-B2D21DCA8EEB}.Debug|Any CPU.Build.0 = Debug|Any CPU
		{B324591C-CB13-438F-ADFE-B2D21DCA8EEB}.Release|Any CPU.ActiveCfg = Release|Any CPU
		{B324591C-CB13-438F-ADFE-B2D21DCA8EEB}.Release|Any CPU.Build.0 = Release|Any CPU
		{FC3B3272-B5D5-4E4D-ABBB-73C3B7C76251}.Debug|Any CPU.ActiveCfg = Debug|Any CPU
		{FC3B3272-B5D5-4E4D-ABBB-73C3B7C76251}.Debug|Any CPU.Build.0 = Debug|Any CPU
		{FC3B3272-B5D5-4E4D-ABBB-73C3B7C76251}.Release|Any CPU.ActiveCfg = Release|Any CPU
		{FC3B3272-B5D5-4E4D-ABBB-73C3B7C76251}.Release|Any CPU.Build.0 = Release|Any CPU
	EndGlobalSection
	GlobalSection(SolutionProperties) = preSolution
		HideSolutionNode = FALSE
	EndGlobalSection
EndGlobal
