
Microsoft Visual Studio Solution File, Format Version 12.00
# Visual Studio 2013
VisualStudioVersion = 12.0.31101.0
MinimumVisualStudioVersion = 10.0.40219.1
Project("{FAE04EC0-301F-11D3-BF4B-00C04F79EFBC}") = "WpfCursus", "WpfCursus\WpfCursus.csproj", "{79B0F710-F3FB-4CCC-9B98-AA6B2BDCEBCB}"
EndProject
Project("{FAE04EC0-301F-11D3-BF4B-00C04F79EFBC}") = "WpfOpdrachten", "WpfOpdrachten\WpfOpdrachten.csproj", "{7A27BD9E-0C96-4035-83A0-863B1DD8D891}"
EndProject
Project("{FAE04EC0-301F-11D3-BF4B-00C04F79EFBC}") = "ButtonGebruikWindow", "ButtonGebruikWindow\ButtonGebruikWindow.csproj", "{742EBC69-1B75-4ABB-BC88-DB94A0F26BC2}"
EndProject
Project("{FAE04EC0-301F-11D3-BF4B-00C04F79EFBC}") = "PizzaWindow", "PizzaWindow\PizzaWindow.csproj", "{26694A3D-9C19-4B79-97F2-4CC5AF62DAE0}"
EndProject
Project("{FAE04EC0-301F-11D3-BF4B-00C04F79EFBC}") = "HobbyLijst", "HobbyLijst\HobbyLijst.csproj", "{F19D7F4B-F320-43FA-B137-9CBFFEEE5E0D}"
EndProject
Project("{FAE04EC0-301F-11D3-BF4B-00C04F79EFBC}") = "TelefoonWindow", "TelefoonWindow\TelefoonWindow.csproj", "{78DB8408-4D7F-4D17-8CA5-DAEBA819BB98}"
EndProject
Project("{FAE04EC0-301F-11D3-BF4B-00C04F79EFBC}") = "Bars", "Bars\Bars.csproj", "{836C9843-3247-4E2D-A5E7-A283B6AE39F7}"
EndProject
Project("{FAE04EC0-301F-11D3-BF4B-00C04F79EFBC}") = "ParkingBon", "ParkingBon\ParkingBon.csproj", "{7BDD5924-DE70-4E59-A29C-A8196B56767E}"
EndProject
Global
	GlobalSection(SolutionConfigurationPlatforms) = preSolution
		Debug|Any CPU = Debug|Any CPU
		Release|Any CPU = Release|Any CPU
	EndGlobalSection
	GlobalSection(ProjectConfigurationPlatforms) = postSolution
		{79B0F710-F3FB-4CCC-9B98-AA6B2BDCEBCB}.Debug|Any CPU.ActiveCfg = Debug|Any CPU
		{79B0F710-F3FB-4CCC-9B98-AA6B2BDCEBCB}.Debug|Any CPU.Build.0 = Debug|Any CPU
		{79B0F710-F3FB-4CCC-9B98-AA6B2BDCEBCB}.Release|Any CPU.ActiveCfg = Release|Any CPU
		{79B0F710-F3FB-4CCC-9B98-AA6B2BDCEBCB}.Release|Any CPU.Build.0 = Release|Any CPU
		{7A27BD9E-0C96-4035-83A0-863B1DD8D891}.Debug|Any CPU.ActiveCfg = Debug|Any CPU
		{7A27BD9E-0C96-4035-83A0-863B1DD8D891}.Debug|Any CPU.Build.0 = Debug|Any CPU
		{7A27BD9E-0C96-4035-83A0-863B1DD8D891}.Release|Any CPU.ActiveCfg = Release|Any CPU
		{7A27BD9E-0C96-4035-83A0-863B1DD8D891}.Release|Any CPU.Build.0 = Release|Any CPU
		{742EBC69-1B75-4ABB-BC88-DB94A0F26BC2}.Debug|Any CPU.ActiveCfg = Debug|Any CPU
		{742EBC69-1B75-4ABB-BC88-DB94A0F26BC2}.Debug|Any CPU.Build.0 = Debug|Any CPU
		{742EBC69-1B75-4ABB-BC88-DB94A0F26BC2}.Release|Any CPU.ActiveCfg = Release|Any CPU
		{742EBC69-1B75-4ABB-BC88-DB94A0F26BC2}.Release|Any CPU.Build.0 = Release|Any CPU
		{26694A3D-9C19-4B79-97F2-4CC5AF62DAE0}.Debug|Any CPU.ActiveCfg = Debug|Any CPU
		{26694A3D-9C19-4B79-97F2-4CC5AF62DAE0}.Debug|Any CPU.Build.0 = Debug|Any CPU
		{26694A3D-9C19-4B79-97F2-4CC5AF62DAE0}.Release|Any CPU.ActiveCfg = Release|Any CPU
		{26694A3D-9C19-4B79-97F2-4CC5AF62DAE0}.Release|Any CPU.Build.0 = Release|Any CPU
		{F19D7F4B-F320-43FA-B137-9CBFFEEE5E0D}.Debug|Any CPU.ActiveCfg = Debug|Any CPU
		{F19D7F4B-F320-43FA-B137-9CBFFEEE5E0D}.Debug|Any CPU.Build.0 = Debug|Any CPU
		{F19D7F4B-F320-43FA-B137-9CBFFEEE5E0D}.Release|Any CPU.ActiveCfg = Release|Any CPU
		{F19D7F4B-F320-43FA-B137-9CBFFEEE5E0D}.Release|Any CPU.Build.0 = Release|Any CPU
		{78DB8408-4D7F-4D17-8CA5-DAEBA819BB98}.Debug|Any CPU.ActiveCfg = Debug|Any CPU
		{78DB8408-4D7F-4D17-8CA5-DAEBA819BB98}.Debug|Any CPU.Build.0 = Debug|Any CPU
		{78DB8408-4D7F-4D17-8CA5-DAEBA819BB98}.Release|Any CPU.ActiveCfg = Release|Any CPU
		{78DB8408-4D7F-4D17-8CA5-DAEBA819BB98}.Release|Any CPU.Build.0 = Release|Any CPU
		{836C9843-3247-4E2D-A5E7-A283B6AE39F7}.Debug|Any CPU.ActiveCfg = Debug|Any CPU
		{836C9843-3247-4E2D-A5E7-A283B6AE39F7}.Debug|Any CPU.Build.0 = Debug|Any CPU
		{836C9843-3247-4E2D-A5E7-A283B6AE39F7}.Release|Any CPU.ActiveCfg = Release|Any CPU
		{836C9843-3247-4E2D-A5E7-A283B6AE39F7}.Release|Any CPU.Build.0 = Release|Any CPU
		{7BDD5924-DE70-4E59-A29C-A8196B56767E}.Debug|Any CPU.ActiveCfg = Debug|Any CPU
		{7BDD5924-DE70-4E59-A29C-A8196B56767E}.Debug|Any CPU.Build.0 = Debug|Any CPU
		{7BDD5924-DE70-4E59-A29C-A8196B56767E}.Release|Any CPU.ActiveCfg = Release|Any CPU
		{7BDD5924-DE70-4E59-A29C-A8196B56767E}.Release|Any CPU.Build.0 = Release|Any CPU
	EndGlobalSection
	GlobalSection(SolutionProperties) = preSolution
		HideSolutionNode = FALSE
	EndGlobalSection
EndGlobal
