
Microsoft Visual Studio Solution File, Format Version 12.00
# Visual Studio 2013
VisualStudioVersion = 12.0.31101.0
MinimumVisualStudioVersion = 10.0.40219.1
Project("{FAE04EC0-301F-11D3-BF4B-00C04F79EFBC}") = "WpfCursus", "WpfCursus\WpfCursus.csproj", "{79B0F710-F3FB-4CCC-9B98-AA6B2BDCEBCB}"
EndProject
Project("{FAE04EC0-301F-11D3-BF4B-00C04F79EFBC}") = "WpfOpdrachten", "WpfOpdrachten\WpfOpdrachten.csproj", "{7A27BD9E-0C96-4035-83A0-863B1DD8D891}"
EndProject
Project("{FAE04EC0-301F-11D3-BF4B-00C04F79EFBC}") = "ButtonGebruikWindow", "ButtonGebruikWindow\ButtonGebruikWindow.csproj", "{742EBC69-1B75-4ABB-BC88-DB94A0F26BC2}"
EndProject
Project("{FAE04EC0-301F-11D3-BF4B-00C04F79EFBC}") = "PizzaWindow", "PizzaWindow\PizzaWindow.csproj", "{26694A3D-9C19-4B79-97F2-4CC5AF62DAE0}"
EndProject
Project("{FAE04EC0-301F-11D3-BF4B-00C04F79EFBC}") = "HobbyLijst", "HobbyLijst\HobbyLijst.csproj", "{F19D7F4B-F320-43FA-B137-9CBFFEEE5E0D}"
EndProject
Project("{FAE04EC0-301F-11D3-BF4B-00C04F79EFBC}") = "TelefoonWindow", "TelefoonWindow\TelefoonWindow.csproj", "{78DB8408-4D7F-4D17-8CA5-DAEBA819BB98}"
EndProject
Project("{FAE04EC0-301F-11D3-BF4B-00C04F79EFBC}") = "Bars", "Bars\Bars.csproj", "{836C9843-3247-4E2D-A5E7-A283B6AE39F7}"
EndProject
Project("{FAE04EC0-301F-11D3-BF4B-00C04F79EFBC}") = "ParkingBon", "ParkingBon\ParkingBon.csproj", "{7BDD5924-DE70-4E59-A29C-A8196B56767E}"
EndProject
Project("{FAE04EC0-301F-11D3-BF4B-00C04F79EFBC}") = "KleurenKiezer", "KleurenKiezer\KleurenKiezer.csproj", "{D498FF29-CC82-4F05-87D8-CB26C76ACC65}"
EndProject
Project("{FAE04EC0-301F-11D3-BF4B-00C04F79EFBC}") = "DataBinding", "DataBinding\DataBinding.csproj", "{280EB925-8D48-42BD-B116-AF8377F6B3CB}"
EndProject
Project("{FAE04EC0-301F-11D3-BF4B-00C04F79EFBC}") = "BloemSamenstelling", "BloemSamenstelling\BloemSamenstelling.csproj", "{B7284526-3D13-4575-B9A3-5844695105B9}"
EndProject
Project("{FAE04EC0-301F-11D3-BF4B-00C04F79EFBC}") = "RegenboogDragDrop", "RegenboogDragDrop\RegenboogDragDrop.csproj", "{4E1F28DB-7DB3-4299-B3E0-60F47EB6EEF3}"
EndProject
Project("{FAE04EC0-301F-11D3-BF4B-00C04F79EFBC}") = "OpleidingenDragDrop", "OpleidingenDragDrop\OpleidingenDragDrop.csproj", "{180DF2DA-7AC2-422A-858B-D4B49D91ECB0}"
EndProject
Project("{FAE04EC0-301F-11D3-BF4B-00C04F79EFBC}") = "SchuifSpelWindow", "SchuifSpelWindow\SchuifSpelWindow.csproj", "{53BAF7EA-6974-498D-B5C8-593F063581EB}"
EndProject
Project("{FAE04EC0-301F-11D3-BF4B-00C04F79EFBC}") = "WindowMetRibbonControl", "WindowMetRibbonControl\WindowMetRibbonControl.csproj", "{FBF0104D-3F4E-4EF4-B6F4-64ADD8453CF6}"
EndProject
Project("{FAE04EC0-301F-11D3-BF4B-00C04F79EFBC}") = "MVVMVoorbeeld", "MVVMVoorbeeld\MVVMVoorbeeld.csproj", "{24C3449A-00F7-4BFA-8025-8332C5DD33B2}"
EndProject
Project("{FAE04EC0-301F-11D3-BF4B-00C04F79EFBC}") = "MVVMHobby", "MVVMHobby\MVVMHobby.csproj", "{71457A26-0814-4329-AA87-48F0D24483B5}"
EndProject
Project("{FAE04EC0-301F-11D3-BF4B-00C04F79EFBC}") = "ParkingBonMVVM", "ParkingBonMVVM\ParkingBonMVVM.csproj", "{36ACF5B9-887D-4865-A14D-55D9BE256A14}"
EndProject
Project("{FAE04EC0-301F-11D3-BF4B-00C04F79EFBC}") = "OmzettenKleurInCirkel", "OmzettenKleurInCirkel\OmzettenKleurInCirkel.csproj", "{45CF5BBF-9000-476D-80DA-84737A361FE9}"
EndProject
Project("{FAE04EC0-301F-11D3-BF4B-00C04F79EFBC}") = "VerkeerslichtMVVM", "VerkeerslichtMVVM\VerkeerslichtMVVM.csproj", "{FA0746E6-1B35-41A4-9518-E7EA52951EA8}"
EndProject
Project("{FAE04EC0-301F-11D3-BF4B-00C04F79EFBC}") = "VerkeerslichtHerhaling", "VerkeerslichtHerhaling\VerkeerslichtHerhaling.csproj", "{E9AC3F49-FF8A-4596-8F1B-C5CD4C4526EA}"
EndProject
Project("{FAE04EC0-301F-11D3-BF4B-00C04F79EFBC}") = "DragDropInCanvas", "DragDropInCanvas\DragDropInCanvas.csproj", "{05DAD4A6-2F9B-4EB3-B02D-9AA353EEE03E}"
EndProject
Project("{FAE04EC0-301F-11D3-BF4B-00C04F79EFBC}") = "PizzaBestellenHerhalen", "PizzaBestellenHerhalen\PizzaBestellenHerhalen.csproj", "{D165EF47-F05D-48F8-AE91-B5D551A91273}"
EndProject
Project("{FAE04EC0-301F-11D3-BF4B-00C04F79EFBC}") = "TelefoonWindowHerhaling", "TelefoonWindowHerhaling\TelefoonWindowHerhaling.csproj", "{5C8ABEB5-A503-4E9E-A92F-25FC9A7DB26F}"
EndProject
Project("{FAE04EC0-301F-11D3-BF4B-00C04F79EFBC}") = "BloemSamenstellingHerhaling", "BloemSamenstellingHerhaling\BloemSamenstellingHerhaling.csproj", "{B9F78250-AF39-4D7A-94BE-C54C72EEB3B0}"
EndProject
Project("{FAE04EC0-301F-11D3-BF4B-00C04F79EFBC}") = "ParkingBonHerhaling", "ParkingBonHerhaling\ParkingBonHerhaling.csproj", "{EBA12F37-67F2-4CC6-AF15-991C83B6D52A}"
EndProject
Project("{FAE04EC0-301F-11D3-BF4B-00C04F79EFBC}") = "SchuifSpelWindowHerhaling", "SchuifSpelWindowHerhaling\SchuifSpelWindowHerhaling.csproj", "{29BB841D-1B41-42DC-9591-B29773667540}"
EndProject
Project("{FAE04EC0-301F-11D3-BF4B-00C04F79EFBC}") = "ParkingbonMVVMHerhaling", "ParkingbonMVVMHerhaling\ParkingbonMVVMHerhaling.csproj", "{9E2E5400-B649-4496-A14F-82E502E68BC2}"
EndProject
Global
	GlobalSection(SolutionConfigurationPlatforms) = preSolution
		Debug|Any CPU = Debug|Any CPU
		Release|Any CPU = Release|Any CPU
	EndGlobalSection
	GlobalSection(ProjectConfigurationPlatforms) = postSolution
		{79B0F710-F3FB-4CCC-9B98-AA6B2BDCEBCB}.Debug|Any CPU.ActiveCfg = Debug|Any CPU
		{79B0F710-F3FB-4CCC-9B98-AA6B2BDCEBCB}.Debug|Any CPU.Build.0 = Debug|Any CPU
		{79B0F710-F3FB-4CCC-9B98-AA6B2BDCEBCB}.Release|Any CPU.ActiveCfg = Release|Any CPU
		{79B0F710-F3FB-4CCC-9B98-AA6B2BDCEBCB}.Release|Any CPU.Build.0 = Release|Any CPU
		{7A27BD9E-0C96-4035-83A0-863B1DD8D891}.Debug|Any CPU.ActiveCfg = Debug|Any CPU
		{7A27BD9E-0C96-4035-83A0-863B1DD8D891}.Debug|Any CPU.Build.0 = Debug|Any CPU
		{7A27BD9E-0C96-4035-83A0-863B1DD8D891}.Release|Any CPU.ActiveCfg = Release|Any CPU
		{7A27BD9E-0C96-4035-83A0-863B1DD8D891}.Release|Any CPU.Build.0 = Release|Any CPU
		{742EBC69-1B75-4ABB-BC88-DB94A0F26BC2}.Debug|Any CPU.ActiveCfg = Debug|Any CPU
		{742EBC69-1B75-4ABB-BC88-DB94A0F26BC2}.Debug|Any CPU.Build.0 = Debug|Any CPU
		{742EBC69-1B75-4ABB-BC88-DB94A0F26BC2}.Release|Any CPU.ActiveCfg = Release|Any CPU
		{742EBC69-1B75-4ABB-BC88-DB94A0F26BC2}.Release|Any CPU.Build.0 = Release|Any CPU
		{26694A3D-9C19-4B79-97F2-4CC5AF62DAE0}.Debug|Any CPU.ActiveCfg = Debug|Any CPU
		{26694A3D-9C19-4B79-97F2-4CC5AF62DAE0}.Debug|Any CPU.Build.0 = Debug|Any CPU
		{26694A3D-9C19-4B79-97F2-4CC5AF62DAE0}.Release|Any CPU.ActiveCfg = Release|Any CPU
		{26694A3D-9C19-4B79-97F2-4CC5AF62DAE0}.Release|Any CPU.Build.0 = Release|Any CPU
		{F19D7F4B-F320-43FA-B137-9CBFFEEE5E0D}.Debug|Any CPU.ActiveCfg = Debug|Any CPU
		{F19D7F4B-F320-43FA-B137-9CBFFEEE5E0D}.Debug|Any CPU.Build.0 = Debug|Any CPU
		{F19D7F4B-F320-43FA-B137-9CBFFEEE5E0D}.Release|Any CPU.ActiveCfg = Release|Any CPU
		{F19D7F4B-F320-43FA-B137-9CBFFEEE5E0D}.Release|Any CPU.Build.0 = Release|Any CPU
		{78DB8408-4D7F-4D17-8CA5-DAEBA819BB98}.Debug|Any CPU.ActiveCfg = Debug|Any CPU
		{78DB8408-4D7F-4D17-8CA5-DAEBA819BB98}.Debug|Any CPU.Build.0 = Debug|Any CPU
		{78DB8408-4D7F-4D17-8CA5-DAEBA819BB98}.Release|Any CPU.ActiveCfg = Release|Any CPU
		{78DB8408-4D7F-4D17-8CA5-DAEBA819BB98}.Release|Any CPU.Build.0 = Release|Any CPU
		{836C9843-3247-4E2D-A5E7-A283B6AE39F7}.Debug|Any CPU.ActiveCfg = Debug|Any CPU
		{836C9843-3247-4E2D-A5E7-A283B6AE39F7}.Debug|Any CPU.Build.0 = Debug|Any CPU
		{836C9843-3247-4E2D-A5E7-A283B6AE39F7}.Release|Any CPU.ActiveCfg = Release|Any CPU
		{836C9843-3247-4E2D-A5E7-A283B6AE39F7}.Release|Any CPU.Build.0 = Release|Any CPU
		{7BDD5924-DE70-4E59-A29C-A8196B56767E}.Debug|Any CPU.ActiveCfg = Debug|Any CPU
		{7BDD5924-DE70-4E59-A29C-A8196B56767E}.Debug|Any CPU.Build.0 = Debug|Any CPU
		{7BDD5924-DE70-4E59-A29C-A8196B56767E}.Release|Any CPU.ActiveCfg = Release|Any CPU
		{7BDD5924-DE70-4E59-A29C-A8196B56767E}.Release|Any CPU.Build.0 = Release|Any CPU
		{D498FF29-CC82-4F05-87D8-CB26C76ACC65}.Debug|Any CPU.ActiveCfg = Debug|Any CPU
		{D498FF29-CC82-4F05-87D8-CB26C76ACC65}.Debug|Any CPU.Build.0 = Debug|Any CPU
		{D498FF29-CC82-4F05-87D8-CB26C76ACC65}.Release|Any CPU.ActiveCfg = Release|Any CPU
		{D498FF29-CC82-4F05-87D8-CB26C76ACC65}.Release|Any CPU.Build.0 = Release|Any CPU
		{280EB925-8D48-42BD-B116-AF8377F6B3CB}.Debug|Any CPU.ActiveCfg = Debug|Any CPU
		{280EB925-8D48-42BD-B116-AF8377F6B3CB}.Debug|Any CPU.Build.0 = Debug|Any CPU
		{280EB925-8D48-42BD-B116-AF8377F6B3CB}.Release|Any CPU.ActiveCfg = Release|Any CPU
		{280EB925-8D48-42BD-B116-AF8377F6B3CB}.Release|Any CPU.Build.0 = Release|Any CPU
		{B7284526-3D13-4575-B9A3-5844695105B9}.Debug|Any CPU.ActiveCfg = Debug|Any CPU
		{B7284526-3D13-4575-B9A3-5844695105B9}.Debug|Any CPU.Build.0 = Debug|Any CPU
		{B7284526-3D13-4575-B9A3-5844695105B9}.Release|Any CPU.ActiveCfg = Release|Any CPU
		{B7284526-3D13-4575-B9A3-5844695105B9}.Release|Any CPU.Build.0 = Release|Any CPU
		{4E1F28DB-7DB3-4299-B3E0-60F47EB6EEF3}.Debug|Any CPU.ActiveCfg = Debug|Any CPU
		{4E1F28DB-7DB3-4299-B3E0-60F47EB6EEF3}.Debug|Any CPU.Build.0 = Debug|Any CPU
		{4E1F28DB-7DB3-4299-B3E0-60F47EB6EEF3}.Release|Any CPU.ActiveCfg = Release|Any CPU
		{4E1F28DB-7DB3-4299-B3E0-60F47EB6EEF3}.Release|Any CPU.Build.0 = Release|Any CPU
		{180DF2DA-7AC2-422A-858B-D4B49D91ECB0}.Debug|Any CPU.ActiveCfg = Debug|Any CPU
		{180DF2DA-7AC2-422A-858B-D4B49D91ECB0}.Debug|Any CPU.Build.0 = Debug|Any CPU
		{180DF2DA-7AC2-422A-858B-D4B49D91ECB0}.Release|Any CPU.ActiveCfg = Release|Any CPU
		{180DF2DA-7AC2-422A-858B-D4B49D91ECB0}.Release|Any CPU.Build.0 = Release|Any CPU
		{53BAF7EA-6974-498D-B5C8-593F063581EB}.Debug|Any CPU.ActiveCfg = Debug|Any CPU
		{53BAF7EA-6974-498D-B5C8-593F063581EB}.Debug|Any CPU.Build.0 = Debug|Any CPU
		{53BAF7EA-6974-498D-B5C8-593F063581EB}.Release|Any CPU.ActiveCfg = Release|Any CPU
		{53BAF7EA-6974-498D-B5C8-593F063581EB}.Release|Any CPU.Build.0 = Release|Any CPU
		{FBF0104D-3F4E-4EF4-B6F4-64ADD8453CF6}.Debug|Any CPU.ActiveCfg = Debug|Any CPU
		{FBF0104D-3F4E-4EF4-B6F4-64ADD8453CF6}.Debug|Any CPU.Build.0 = Debug|Any CPU
		{FBF0104D-3F4E-4EF4-B6F4-64ADD8453CF6}.Release|Any CPU.ActiveCfg = Release|Any CPU
		{FBF0104D-3F4E-4EF4-B6F4-64ADD8453CF6}.Release|Any CPU.Build.0 = Release|Any CPU
		{24C3449A-00F7-4BFA-8025-8332C5DD33B2}.Debug|Any CPU.ActiveCfg = Debug|Any CPU
		{24C3449A-00F7-4BFA-8025-8332C5DD33B2}.Debug|Any CPU.Build.0 = Debug|Any CPU
		{24C3449A-00F7-4BFA-8025-8332C5DD33B2}.Release|Any CPU.ActiveCfg = Release|Any CPU
		{24C3449A-00F7-4BFA-8025-8332C5DD33B2}.Release|Any CPU.Build.0 = Release|Any CPU
		{71457A26-0814-4329-AA87-48F0D24483B5}.Debug|Any CPU.ActiveCfg = Debug|Any CPU
		{71457A26-0814-4329-AA87-48F0D24483B5}.Debug|Any CPU.Build.0 = Debug|Any CPU
		{71457A26-0814-4329-AA87-48F0D24483B5}.Release|Any CPU.ActiveCfg = Release|Any CPU
		{71457A26-0814-4329-AA87-48F0D24483B5}.Release|Any CPU.Build.0 = Release|Any CPU
		{36ACF5B9-887D-4865-A14D-55D9BE256A14}.Debug|Any CPU.ActiveCfg = Debug|Any CPU
		{36ACF5B9-887D-4865-A14D-55D9BE256A14}.Debug|Any CPU.Build.0 = Debug|Any CPU
		{36ACF5B9-887D-4865-A14D-55D9BE256A14}.Release|Any CPU.ActiveCfg = Release|Any CPU
		{36ACF5B9-887D-4865-A14D-55D9BE256A14}.Release|Any CPU.Build.0 = Release|Any CPU
		{45CF5BBF-9000-476D-80DA-84737A361FE9}.Debug|Any CPU.ActiveCfg = Debug|Any CPU
		{45CF5BBF-9000-476D-80DA-84737A361FE9}.Debug|Any CPU.Build.0 = Debug|Any CPU
		{45CF5BBF-9000-476D-80DA-84737A361FE9}.Release|Any CPU.ActiveCfg = Release|Any CPU
		{45CF5BBF-9000-476D-80DA-84737A361FE9}.Release|Any CPU.Build.0 = Release|Any CPU
		{FA0746E6-1B35-41A4-9518-E7EA52951EA8}.Debug|Any CPU.ActiveCfg = Debug|Any CPU
		{FA0746E6-1B35-41A4-9518-E7EA52951EA8}.Debug|Any CPU.Build.0 = Debug|Any CPU
		{FA0746E6-1B35-41A4-9518-E7EA52951EA8}.Release|Any CPU.ActiveCfg = Release|Any CPU
		{FA0746E6-1B35-41A4-9518-E7EA52951EA8}.Release|Any CPU.Build.0 = Release|Any CPU
		{E9AC3F49-FF8A-4596-8F1B-C5CD4C4526EA}.Debug|Any CPU.ActiveCfg = Debug|Any CPU
		{E9AC3F49-FF8A-4596-8F1B-C5CD4C4526EA}.Debug|Any CPU.Build.0 = Debug|Any CPU
		{E9AC3F49-FF8A-4596-8F1B-C5CD4C4526EA}.Release|Any CPU.ActiveCfg = Release|Any CPU
		{E9AC3F49-FF8A-4596-8F1B-C5CD4C4526EA}.Release|Any CPU.Build.0 = Release|Any CPU
		{05DAD4A6-2F9B-4EB3-B02D-9AA353EEE03E}.Debug|Any CPU.ActiveCfg = Debug|Any CPU
		{05DAD4A6-2F9B-4EB3-B02D-9AA353EEE03E}.Debug|Any CPU.Build.0 = Debug|Any CPU
		{05DAD4A6-2F9B-4EB3-B02D-9AA353EEE03E}.Release|Any CPU.ActiveCfg = Release|Any CPU
		{05DAD4A6-2F9B-4EB3-B02D-9AA353EEE03E}.Release|Any CPU.Build.0 = Release|Any CPU
		{D165EF47-F05D-48F8-AE91-B5D551A91273}.Debug|Any CPU.ActiveCfg = Debug|Any CPU
		{D165EF47-F05D-48F8-AE91-B5D551A91273}.Debug|Any CPU.Build.0 = Debug|Any CPU
		{D165EF47-F05D-48F8-AE91-B5D551A91273}.Release|Any CPU.ActiveCfg = Release|Any CPU
		{D165EF47-F05D-48F8-AE91-B5D551A91273}.Release|Any CPU.Build.0 = Release|Any CPU
		{5C8ABEB5-A503-4E9E-A92F-25FC9A7DB26F}.Debug|Any CPU.ActiveCfg = Debug|Any CPU
		{5C8ABEB5-A503-4E9E-A92F-25FC9A7DB26F}.Debug|Any CPU.Build.0 = Debug|Any CPU
		{5C8ABEB5-A503-4E9E-A92F-25FC9A7DB26F}.Release|Any CPU.ActiveCfg = Release|Any CPU
		{5C8ABEB5-A503-4E9E-A92F-25FC9A7DB26F}.Release|Any CPU.Build.0 = Release|Any CPU
		{B9F78250-AF39-4D7A-94BE-C54C72EEB3B0}.Debug|Any CPU.ActiveCfg = Debug|Any CPU
		{B9F78250-AF39-4D7A-94BE-C54C72EEB3B0}.Debug|Any CPU.Build.0 = Debug|Any CPU
		{B9F78250-AF39-4D7A-94BE-C54C72EEB3B0}.Release|Any CPU.ActiveCfg = Release|Any CPU
		{B9F78250-AF39-4D7A-94BE-C54C72EEB3B0}.Release|Any CPU.Build.0 = Release|Any CPU
		{EBA12F37-67F2-4CC6-AF15-991C83B6D52A}.Debug|Any CPU.ActiveCfg = Debug|Any CPU
		{EBA12F37-67F2-4CC6-AF15-991C83B6D52A}.Debug|Any CPU.Build.0 = Debug|Any CPU
		{EBA12F37-67F2-4CC6-AF15-991C83B6D52A}.Release|Any CPU.ActiveCfg = Release|Any CPU
		{EBA12F37-67F2-4CC6-AF15-991C83B6D52A}.Release|Any CPU.Build.0 = Release|Any CPU
		{29BB841D-1B41-42DC-9591-B29773667540}.Debug|Any CPU.ActiveCfg = Debug|Any CPU
		{29BB841D-1B41-42DC-9591-B29773667540}.Debug|Any CPU.Build.0 = Debug|Any CPU
		{29BB841D-1B41-42DC-9591-B29773667540}.Release|Any CPU.ActiveCfg = Release|Any CPU
		{29BB841D-1B41-42DC-9591-B29773667540}.Release|Any CPU.Build.0 = Release|Any CPU
		{9E2E5400-B649-4496-A14F-82E502E68BC2}.Debug|Any CPU.ActiveCfg = Debug|Any CPU
		{9E2E5400-B649-4496-A14F-82E502E68BC2}.Debug|Any CPU.Build.0 = Debug|Any CPU
		{9E2E5400-B649-4496-A14F-82E502E68BC2}.Release|Any CPU.ActiveCfg = Release|Any CPU
		{9E2E5400-B649-4496-A14F-82E502E68BC2}.Release|Any CPU.Build.0 = Release|Any CPU
	EndGlobalSection
	GlobalSection(SolutionProperties) = preSolution
		HideSolutionNode = FALSE
	EndGlobalSection
EndGlobal
