
Microsoft Visual Studio Solution File, Format Version 12.00
# Visual Studio 2013
VisualStudioVersion = 12.0.31101.0
MinimumVisualStudioVersion = 10.0.40219.1
Project("{FAE04EC0-301F-11D3-BF4B-00C04F79EFBC}") = "Herhalen2", "Herhalen2\Herhalen2.csproj", "{B29541F8-83DB-44FE-BEB0-2D3C3638A8D5}"
EndProject
Project("{FAE04EC0-301F-11D3-BF4B-00C04F79EFBC}") = "AdoGemeenschappelijk", "AdoGemeenschappelijk\AdoGemeenschappelijk.csproj", "{400C39C6-7850-4A8F-B2CF-A87C69B7750D}"
EndProject
Project("{FAE04EC0-301F-11D3-BF4B-00C04F79EFBC}") = "ComboboxAanpassen", "ComboboxAanpassen\ComboboxAanpassen.csproj", "{78583F09-F60D-4981-A4A4-4D7BA9D4EA86}"
EndProject
Global
	GlobalSection(SolutionConfigurationPlatforms) = preSolution
		Debug|Any CPU = Debug|Any CPU
		Release|Any CPU = Release|Any CPU
	EndGlobalSection
	GlobalSection(ProjectConfigurationPlatforms) = postSolution
		{B29541F8-83DB-44FE-BEB0-2D3C3638A8D5}.Debug|Any CPU.ActiveCfg = Debug|Any CPU
		{B29541F8-83DB-44FE-BEB0-2D3C3638A8D5}.Debug|Any CPU.Build.0 = Debug|Any CPU
		{B29541F8-83DB-44FE-BEB0-2D3C3638A8D5}.Release|Any CPU.ActiveCfg = Release|Any CPU
		{B29541F8-83DB-44FE-BEB0-2D3C3638A8D5}.Release|Any CPU.Build.0 = Release|Any CPU
		{400C39C6-7850-4A8F-B2CF-A87C69B7750D}.Debug|Any CPU.ActiveCfg = Debug|Any CPU
		{400C39C6-7850-4A8F-B2CF-A87C69B7750D}.Debug|Any CPU.Build.0 = Debug|Any CPU
		{400C39C6-7850-4A8F-B2CF-A87C69B7750D}.Release|Any CPU.ActiveCfg = Release|Any CPU
		{400C39C6-7850-4A8F-B2CF-A87C69B7750D}.Release|Any CPU.Build.0 = Release|Any CPU
		{78583F09-F60D-4981-A4A4-4D7BA9D4EA86}.Debug|Any CPU.ActiveCfg = Debug|Any CPU
		{78583F09-F60D-4981-A4A4-4D7BA9D4EA86}.Debug|Any CPU.Build.0 = Debug|Any CPU
		{78583F09-F60D-4981-A4A4-4D7BA9D4EA86}.Release|Any CPU.ActiveCfg = Release|Any CPU
		{78583F09-F60D-4981-A4A4-4D7BA9D4EA86}.Release|Any CPU.Build.0 = Release|Any CPU
	EndGlobalSection
	GlobalSection(SolutionProperties) = preSolution
		HideSolutionNode = FALSE
	EndGlobalSection
EndGlobal
